
Microsoft Visual Studio Solution File, Format Version 12.00
# Visual Studio Version 16
VisualStudioVersion = 16.0.31410.357
MinimumVisualStudioVersion = 10.0.40219.1
Project("{9A19103F-16F7-4668-BE54-9A1E7A4F7556}") = "BlazorServer", "BlazorServer\BlazorServer.csproj", "{6BFF5A22-B6E4-4E5C-8B8D-07C2963FD6E7}"
EndProject
Project("{9A19103F-16F7-4668-BE54-9A1E7A4F7556}") = "EmployeeManagement.Models", "EmployeeManagement.Models\EmployeeManagement.Models.csproj", "{DEDEEB47-7971-4E6A-A94C-1C73AF9F3577}"
EndProject
Project("{9A19103F-16F7-4668-BE54-9A1E7A4F7556}") = "EmployeeManagement.API", "EmployeeManagement.API\EmployeeManagement.API.csproj", "{440E43D1-FEBB-4650-8135-17AD25866BE5}"
EndProject
Global
	GlobalSection(SolutionConfigurationPlatforms) = preSolution
		Debug|Any CPU = Debug|Any CPU
		Release|Any CPU = Release|Any CPU
	EndGlobalSection
	GlobalSection(ProjectConfigurationPlatforms) = postSolution
		{6BFF5A22-B6E4-4E5C-8B8D-07C2963FD6E7}.Debug|Any CPU.ActiveCfg = Debug|Any CPU
		{6BFF5A22-B6E4-4E5C-8B8D-07C2963FD6E7}.Debug|Any CPU.Build.0 = Debug|Any CPU
		{6BFF5A22-B6E4-4E5C-8B8D-07C2963FD6E7}.Release|Any CPU.ActiveCfg = Release|Any CPU
		{6BFF5A22-B6E4-4E5C-8B8D-07C2963FD6E7}.Release|Any CPU.Build.0 = Release|Any CPU
		{DEDEEB47-7971-4E6A-A94C-1C73AF9F3577}.Debug|Any CPU.ActiveCfg = Debug|Any CPU
		{DEDEEB47-7971-4E6A-A94C-1C73AF9F3577}.Debug|Any CPU.Build.0 = Debug|Any CPU
		{DEDEEB47-7971-4E6A-A94C-1C73AF9F3577}.Release|Any CPU.ActiveCfg = Release|Any CPU
		{DEDEEB47-7971-4E6A-A94C-1C73AF9F3577}.Release|Any CPU.Build.0 = Release|Any CPU
		{440E43D1-FEBB-4650-8135-17AD25866BE5}.Debug|Any CPU.ActiveCfg = Debug|Any CPU
		{440E43D1-FEBB-4650-8135-17AD25866BE5}.Debug|Any CPU.Build.0 = Debug|Any CPU
		{440E43D1-FEBB-4650-8135-17AD25866BE5}.Release|Any CPU.ActiveCfg = Release|Any CPU
		{440E43D1-FEBB-4650-8135-17AD25866BE5}.Release|Any CPU.Build.0 = Release|Any CPU
	EndGlobalSection
	GlobalSection(SolutionProperties) = preSolution
		HideSolutionNode = FALSE
	EndGlobalSection
	GlobalSection(ExtensibilityGlobals) = postSolution
		SolutionGuid = {7E6DB96E-E079-41F9-8EF9-5D5904F4A576}
	EndGlobalSection
EndGlobal
